{
  "lockfile_version": "1",
  "packages": {
    "earthly@latest": {
      "last_modified": "2024-05-07T16:34:24Z",
      "resolved": "github:NixOS/nixpkgs/951e02301002a3100bf102bfb05272611633932e#earthly",
      "source": "devbox-search",
      "version": "0.8.9",
      "systems": {
        "aarch64-darwin": {
          "outputs": [
            {
              "name": "out",
              "path": "/nix/store/yk2d463dcgzi43mh7znyxhf3wjjdg0px-earthly-0.8.9",
              "default": true
            }
          ],
          "store_path": "/nix/store/yk2d463dcgzi43mh7znyxhf3wjjdg0px-earthly-0.8.9"
        },
        "aarch64-linux": {
          "outputs": [
            {
              "name": "out",
              "path": "/nix/store/pm81czhpbws9av2hlbmr7gbwg01wi8rj-earthly-0.8.9",
              "default": true
            }
          ],
          "store_path": "/nix/store/pm81czhpbws9av2hlbmr7gbwg01wi8rj-earthly-0.8.9"
        },
        "x86_64-darwin": {
          "outputs": [
            {
              "name": "out",
              "path": "/nix/store/qy4ras6zwkc26s5ic9pr5bqv56nc6w8q-earthly-0.8.9",
              "default": true
            }
          ],
          "store_path": "/nix/store/qy4ras6zwkc26s5ic9pr5bqv56nc6w8q-earthly-0.8.9"
        },
        "x86_64-linux": {
          "outputs": [
            {
              "name": "out",
              "path": "/nix/store/ndjri3j1xgglbr5vqp9gbah80n3dmdjx-earthly-0.8.9",
              "default": true
            }
          ],
          "store_path": "/nix/store/ndjri3j1xgglbr5vqp9gbah80n3dmdjx-earthly-0.8.9"
        }
      }
    },
    "fly@latest": {
      "last_modified": "2024-03-22T11:26:23Z",
      "resolved": "github:NixOS/nixpkgs/a3ed7406349a9335cb4c2a71369b697cecd9d351#fly",
      "source": "devbox-search",
      "version": "7.11.2",
      "systems": {
        "aarch64-darwin": {
          "store_path": "/nix/store/jqiffp5lqdvcz6xbiy7hp5lqh7xml88z-fly-7.11.2"
        },
        "aarch64-linux": {
          "store_path": "/nix/store/qdl6b7vihf63izkj84af6j31c87ya4h9-fly-7.11.2"
        },
        "x86_64-darwin": {
          "store_path": "/nix/store/f16qx49lyipxk0krsr4v1qzx9pzrlfq0-fly-7.11.2"
        },
        "x86_64-linux": {
          "store_path": "/nix/store/6gjsfp3qwyb81c8h360s4kb719hf7rk6-fly-7.11.2"
        }
      }
    },
    "nodejs@latest": {
      "last_modified": "2024-03-22T11:26:23Z",
      "plugin_version": "0.0.2",
      "resolved": "github:NixOS/nixpkgs/a3ed7406349a9335cb4c2a71369b697cecd9d351#nodejs_21",
      "source": "devbox-search",
      "version": "21.7.1",
      "systems": {
        "aarch64-darwin": {
          "store_path": "/nix/store/x1d9im8iy3q74jx1ij2k3pjsfgvqihn1-nodejs-21.7.1"
        },
        "aarch64-linux": {
          "store_path": "/nix/store/b7cq5jvw90bl4ls3nssrj5xwh3d6vldf-nodejs-21.7.1"
        },
        "x86_64-darwin": {
          "store_path": "/nix/store/klvzykcgrhlbpkgdaw5329w2l09wp4vd-nodejs-21.7.1"
        },
        "x86_64-linux": {
          "store_path": "/nix/store/7fd8ac3wm7gq8k5qd6l15hqx13bm4mr6-nodejs-21.7.1"
        }
      }
    },
    "sbt@latest": {
      "last_modified": "2024-03-22T11:26:23Z",
      "resolved": "github:NixOS/nixpkgs/a3ed7406349a9335cb4c2a71369b697cecd9d351#sbt",
      "source": "devbox-search",
      "version": "1.9.9",
      "systems": {
        "aarch64-darwin": {
          "store_path": "/nix/store/clrwyandbc3ig6f3g6yrs36d8z5jb7lp-sbt-1.9.9"
        },
        "aarch64-linux": {
          "store_path": "/nix/store/c8pk0h3i5ddzw2fiz2qwrlqy4mm1nib1-sbt-1.9.9"
        },
        "x86_64-darwin": {
          "store_path": "/nix/store/p0nh7i03z5mp1l9pzjirc2zkd6c294vi-sbt-1.9.9"
        },
        "x86_64-linux": {
          "store_path": "/nix/store/zadhq90vpjaflmczlzz2828h08dfbl1z-sbt-1.9.9"
        }
      }
    },
    "yarn@latest": {
      "last_modified": "2024-03-22T11:26:23Z",
      "resolved": "github:NixOS/nixpkgs/a3ed7406349a9335cb4c2a71369b697cecd9d351#yarn",
      "source": "devbox-search",
      "version": "1.22.22",
      "systems": {
        "aarch64-darwin": {
          "store_path": "/nix/store/7rv0zj74rm049vchr7c4hiisw4pigs85-yarn-1.22.22"
        },
        "aarch64-linux": {
          "store_path": "/nix/store/8wq8jz5dbq1q3gdnh22d47bf79fkaasy-yarn-1.22.22"
        },
        "x86_64-darwin": {
          "store_path": "/nix/store/mp2xyil9p9d1fva75zr0phxbv7312avr-yarn-1.22.22"
        },
        "x86_64-linux": {
          "store_path": "/nix/store/aivn7biys6sbiq9rnpclbk1l81sqk2pa-yarn-1.22.22"
        }
      }
    }
  }
}
